// !$*UTF8*$!
{
	archiveVersion = 1;
	classes = {
	};
	objectVersion = 46;
	objects = {

/* Begin PBXBuildFile section */
		654BB3361C66A20300AB60BF /* AppDelegate.swift in Sources */ = {isa = PBXBuildFile; fileRef = 654BB3351C66A20300AB60BF /* AppDelegate.swift */; };
		654BB3381C66A20300AB60BF /* ViewController.swift in Sources */ = {isa = PBXBuildFile; fileRef = 654BB3371C66A20300AB60BF /* ViewController.swift */; };
		654BB33B1C66A20400AB60BF /* Main.storyboard in Resources */ = {isa = PBXBuildFile; fileRef = 654BB3391C66A20400AB60BF /* Main.storyboard */; };
		654BB33D1C66A20400AB60BF /* Assets.xcassets in Resources */ = {isa = PBXBuildFile; fileRef = 654BB33C1C66A20400AB60BF /* Assets.xcassets */; };
		654BB3401C66A20400AB60BF /* LaunchScreen.storyboard in Resources */ = {isa = PBXBuildFile; fileRef = 654BB33E1C66A20400AB60BF /* LaunchScreen.storyboard */; };
/* End PBXBuildFile section */

/* Begin PBXFileReference section */
		654BB3321C66A20300AB60BF /* Calcy.app */ = {isa = PBXFileReference; explicitFileType = wrapper.application; includeInIndex = 0; path = Calcy.app; sourceTree = BUILT_PRODUCTS_DIR; };
		654BB3351C66A20300AB60BF /* AppDelegate.swift */ = {isa = PBXFileReference; lastKnownFileType = sourcecode.swift; path = AppDelegate.swift; sourceTree = "<group>"; };
		654BB3371C66A20300AB60BF /* ViewController.swift */ = {isa = PBXFileReference; lastKnownFileType = sourcecode.swift; path = ViewController.swift; sourceTree = "<group>"; };
		654BB33A1C66A20400AB60BF /* Base */ = {isa = PBXFileReference; lastKnownFileType = file.storyboard; name = Base; path = Base.lproj/Main.storyboard; sourceTree = "<group>"; };
		654BB33C1C66A20400AB60BF /* Assets.xcassets */ = {isa = PBXFileReference; lastKnownFileType = folder.assetcatalog; path = Assets.xcassets; sourceTree = "<group>"; };
		654BB33F1C66A20400AB60BF /* Base */ = {isa = PBXFileReference; lastKnownFileType = file.storyboard; name = Base; path = Base.lproj/LaunchScreen.storyboard; sourceTree = "<group>"; };
		654BB3411C66A20400AB60BF /* Info.plist */ = {isa = PBXFileReference; lastKnownFileType = text.plist.xml; path = Info.plist; sourceTree = "<group>"; };
/* End PBXFileReference section */

/* Begin PBXFrameworksBuildPhase section */
		654BB32F1C66A20300AB60BF /* Frameworks */ = {
			isa = PBXFrameworksBuildPhase;
			buildActionMask = 2147483647;
			files = (
			);
			runOnlyForDeploymentPostprocessing = 0;
		};
/* End PBXFrameworksBuildPhase section */

/* Begin PBXGroup section */
		654BB3291C66A20300AB60BF = {
			isa = PBXGroup;
			children = (
				654BB3341C66A20300AB60BF /* Calcy */,
				654BB3331C66A20300AB60BF /* Products */,
			);
			sourceTree = "<group>";
		};
		654BB3331C66A20300AB60BF /* Products */ = {
			isa = PBXGroup;
			children = (
				654BB3321C66A20300AB60BF /* Calcy.app */,
			);
			name = Products;
			sourceTree = "<group>";
		};
		654BB3341C66A20300AB60BF /* Calcy */ = {
			isa = PBXGroup;
			children = (
				654BB3351C66A20300AB60BF /* AppDelegate.swift */,
				654BB3371C66A20300AB60BF /* ViewController.swift */,
				654BB3391C66A20400AB60BF /* Main.storyboard */,
				654BB33C1C66A20400AB60BF /* Assets.xcassets */,
				654BB33E1C66A20400AB60BF /* LaunchScreen.storyboard */,
				654BB3411C66A20400AB60BF /* Info.plist */,
			);
			path = Calcy;
			sourceTree = "<group>";
		};
/* End PBXGroup section */

/* Begin PBXNativeTarget section */
		654BB3311C66A20300AB60BF /* Calcy */ = {
			isa = PBXNativeTarget;
			buildConfigurationList = 654BB3441C66A20400AB60BF /* Build configuration list for PBXNativeTarget "Calcy" */;
			buildPhases = (
				654BB32E1C66A20300AB60BF /* Sources */,
				654BB32F1C66A20300AB60BF /* Frameworks */,
				654BB3301C66A20300AB60BF /* Resources */,
			);
			buildRules = (
			);
			dependencies = (
			);
			name = Calcy;
			productName = Calcy;
			productReference = 654BB3321C66A20300AB60BF /* Calcy.app */;
			productType = "com.apple.product-type.application";
		};
/* End PBXNativeTarget section */

/* Begin PBXProject section */
		654BB32A1C66A20300AB60BF /* Project object */ = {
			isa = PBXProject;
			attributes = {
				LastSwiftUpdateCheck = 0720;
				LastUpgradeCheck = 0720;
				ORGANIZATIONNAME = "David Boles";
				TargetAttributes = {
					654BB3311C66A20300AB60BF = {
						CreatedOnToolsVersion = 7.2.1;
					};
				};
			};
			buildConfigurationList = 654BB32D1C66A20300AB60BF /* Build configuration list for PBXProject "Calcy" */;
			compatibilityVersion = "Xcode 3.2";
			developmentRegion = English;
			hasScannedForEncodings = 0;
			knownRegions = (
				en,
				Base,
			);
			mainGroup = 654BB3291C66A20300AB60BF;
			productRefGroup = 654BB3331C66A20300AB60BF /* Products */;
			projectDirPath = "";
			projectRoot = "";
			targets = (
				654BB3311C66A20300AB60BF /* Calcy */,
			);
		};
/* End PBXProject section */

/* Begin PBXResourcesBuildPhase section */
		654BB3301C66A20300AB60BF /* Resources */ = {
			isa = PBXResourcesBuildPhase;
			buildActionMask = 2147483647;
			files = (
				654BB3401C66A20400AB60BF /* LaunchScreen.storyboard in Resources */,
				654BB33D1C66A20400AB60BF /* Assets.xcassets in Resources */,
				654BB33B1C66A20400AB60BF /* Main.storyboard in Resources */,
			);
			runOnlyForDeploymentPostprocessing = 0;
		};
/* End PBXResourcesBuildPhase section */

/* Begin PBXSourcesBuildPhase section */
		654BB32E1C66A20300AB60BF /* Sources */ = {
			isa = PBXSourcesBuildPhase;
			buildActionMask = 2147483647;
			files = (
				654BB3381C66A20300AB60BF /* ViewController.swift in Sources */,
				654BB3361C66A20300AB60BF /* AppDelegate.swift in Sources */,
			);
			runOnlyForDeploymentPostprocessing = 0;
		};
/* End PBXSourcesBuildPhase section */

/* Begin PBXVariantGroup section */
		654BB3391C66A20400AB60BF /* Main.storyboard */ = {
			isa = PBXVariantGroup;
			children = (
				654BB33A1C66A20400AB60BF /* Base */,
			);
			name = Main.storyboard;
			sourceTree = "<group>";
		};
		654BB33E1C66A20400AB60BF /* LaunchScreen.storyboard */ = {
			isa = PBXVariantGroup;
			children = (
				654BB33F1C66A20400AB60BF /* Base */,
			);
			name = LaunchScreen.storyboard;
			sourceTree = "<group>";
		};
/* End PBXVariantGroup section */

/* Begin XCBuildConfiguration section */
		654BB3421C66A20400AB60BF /* Debug */ = {
			isa = XCBuildConfiguration;
			buildSettings = {
				ALWAYS_SEARCH_USER_PATHS = NO;
				CLANG_CXX_LANGUAGE_STANDARD = "gnu++0x";
				CLANG_CXX_LIBRARY = "libc++";
				CLANG_ENABLE_MODULES = YES;
				CLANG_ENABLE_OBJC_ARC = YES;
				CLANG_WARN_BOOL_CONVERSION = YES;
				CLANG_WARN_CONSTANT_CONVERSION = YES;
				CLANG_WARN_DIRECT_OBJC_ISA_USAGE = YES_ERROR;
				CLANG_WARN_EMPTY_BODY = YES;
				CLANG_WARN_ENUM_CONVERSION = YES;
				CLANG_WARN_INT_CONVERSION = YES;
				CLANG_WARN_OBJC_ROOT_CLASS = YES_ERROR;
				CLANG_WARN_UNREACHABLE_CODE = YES;
				CLANG_WARN__DUPLICATE_METHOD_MATCH = YES;
				"CODE_SIGN_IDENTITY[sdk=iphoneos*]" = "iPhone Developer";
				COPY_PHASE_STRIP = NO;
				DEBUG_INFORMATION_FORMAT = dwarf;
				ENABLE_STRICT_OBJC_MSGSEND = YES;
				ENABLE_TESTABILITY = YES;
				GCC_C_LANGUAGE_STANDARD = gnu99;
				GCC_DYNAMIC_NO_PIC = NO;
				GCC_NO_COMMON_BLOCKS = YES;
				GCC_OPTIMIZATION_LEVEL = 0;
				GCC_PREPROCESSOR_DEFINITIONS = (
					"DEBUG=1",
					"$(inherited)",
				);
				GCC_WARN_64_TO_32_BIT_CONVERSION = YES;
				GCC_WARN_ABOUT_RETURN_TYPE = YES_ERROR;
				GCC_WARN_UNDECLARED_SELECTOR = YES;
				GCC_WARN_UNINITIALIZED_AUTOS = YES_AGGRESSIVE;
				GCC_WARN_UNUSED_FUNCTION = YES;
				GCC_WARN_UNUSED_VARIABLE = YES;
				IPHONEOS_DEPLOYMENT_TARGET = 9.2;
				MTL_ENABLE_DEBUG_INFO = YES;
				ONLY_ACTIVE_ARCH = YES;
				SDKROOT = iphoneos;
				SWIFT_OPTIMIZATION_LEVEL = "-Onone";
				TARGETED_DEVICE_FAMILY = "1,2";
			};
			name = Debug;
		};
		654BB3431C66A20400AB60BF /* Release */ = {
			isa = XCBuildConfiguration;
			buildSettings = {
				ALWAYS_SEARCH_USER_PATHS = NO;
				CLANG_CXX_LANGUAGE_STANDARD = "gnu++0x";
				CLANG_CXX_LIBRARY = "libc++";
				CLANG_ENABLE_MODULES = YES;
				CLANG_ENABLE_OBJC_ARC = YES;
				CLANG_WARN_BOOL_CONVERSION = YES;
				CLANG_WARN_CONSTANT_CONVERSION = YES;
				CLANG_WARN_DIRECT_OBJC_ISA_USAGE = YES_ERROR;
				CLANG_WARN_EMPTY_BODY = YES;
				CLANG_WARN_ENUM_CONVERSION = YES;
				CLANG_WARN_INT_CONVERSION = YES;
				CLANG_WARN_OBJC_ROOT_CLASS = YES_ERROR;
				CLANG_WARN_UNREACHABLE_CODE = YES;
				CLANG_WARN__DUPLICATE_METHOD_MATCH = YES;
				"CODE_SIGN_IDENTITY[sdk=iphoneos*]" = "iPhone Developer";
				COPY_PHASE_STRIP = NO;
				DEBUG_INFORMATION_FORMAT = "dwarf-with-dsym";
				ENABLE_NS_ASSERTIONS = NO;
				ENABLE_STRICT_OBJC_MSGSEND = YES;
				GCC_C_LANGUAGE_STANDARD = gnu99;
				GCC_NO_COMMON_BLOCKS = YES;
				GCC_WARN_64_TO_32_BIT_CONVERSION = YES;
				GCC_WARN_ABOUT_RETURN_TYPE = YES_ERROR;
				GCC_WARN_UNDECLARED_SELECTOR = YES;
				GCC_WARN_UNINITIALIZED_AUTOS = YES_AGGRESSIVE;
				GCC_WARN_UNUSED_FUNCTION = YES;
				GCC_WARN_UNUSED_VARIABLE = YES;
				IPHONEOS_DEPLOYMENT_TARGET = 9.2;
				MTL_ENABLE_DEBUG_INFO = NO;
				SDKROOT = iphoneos;
				TARGETED_DEVICE_FAMILY = "1,2";
				VALIDATE_PRODUCT = YES;
			};
			name = Release;
		};
		654BB3451C66A20400AB60BF /* Debug */ = {
			isa = XCBuildConfiguration;
			buildSettings = {
				ASSETCATALOG_COMPILER_APPICON_NAME = AppIcon;
				INFOPLIST_FILE = Calcy/Info.plist;
				LD_RUNPATH_SEARCH_PATHS = "$(inherited) @executable_path/Frameworks";
				PRODUCT_BUNDLE_IDENTIFIER = com.ciccio.Calcy;
				PRODUCT_NAME = "$(TARGET_NAME)";
			};
			name = Debug;
		};
		654BB3461C66A20400AB60BF /* Release */ = {
			isa = XCBuildConfiguration;
			buildSettings = {
				ASSETCATALOG_COMPILER_APPICON_NAME = AppIcon;
				INFOPLIST_FILE = Calcy/Info.plist;
				LD_RUNPATH_SEARCH_PATHS = "$(inherited) @executable_path/Frameworks";
				PRODUCT_BUNDLE_IDENTIFIER = com.ciccio.Calcy;
				PRODUCT_NAME = "$(TARGET_NAME)";
			};
			name = Release;
		};
/* End XCBuildConfiguration section */

/* Begin XCConfigurationList section */
		654BB32D1C66A20300AB60BF /* Build configuration list for PBXProject "Calcy" */ = {
			isa = XCConfigurationList;
			buildConfigurations = (
				654BB3421C66A20400AB60BF /* Debug */,
				654BB3431C66A20400AB60BF /* Release */,
			);
			defaultConfigurationIsVisible = 0;
			defaultConfigurationName = Release;
		};
		654BB3441C66A20400AB60BF /* Build configuration list for PBXNativeTarget "Calcy" */ = {
			isa = XCConfigurationList;
			buildConfigurations = (
				654BB3451C66A20400AB60BF /* Debug */,
				654BB3461C66A20400AB60BF /* Release */,
			);
			defaultConfigurationIsVisible = 0;
		};
/* End XCConfigurationList section */
	};
	rootObject = 654BB32A1C66A20300AB60BF /* Project object */;
}
